// !$*UTF8*$!
{
	archiveVersion = 1;
	classes = {
	};
	objectVersion = 60;
	objects = {

/* Begin PBXBuildFile section */
		284B94675FD84074358D6524 /* Pods_ViewPagerDemo.framework in Frameworks */ = {isa = PBXBuildFile; fileRef = 7056E61ABEAE327E41EAEDA2 /* Pods_ViewPagerDemo.framework */; };
		3B1643E92EF6F6330026A95B /* LiquidDemoViewController.swift in Sources */ = {isa = PBXBuildFile; fileRef = 3B1643E72EF6F6330026A95B /* LiquidDemoViewController.swift */; };
		3B1643EB2EF6FE740026A95B /* GlassContainerView.swift in Sources */ = {isa = PBXBuildFile; fileRef = 3B1643EA2EF6FE740026A95B /* GlassContainerView.swift */; };
		3B34256F2EE3B9CF00AA2A84 /* NewsItem.swift in Sources */ = {isa = PBXBuildFile; fileRef = 3B3425652EE3B9CF00AA2A84 /* NewsItem.swift */; };
		3B3425702EE3B9CF00AA2A84 /* NewsService.swift in Sources */ = {isa = PBXBuildFile; fileRef = 3B3425682EE3B9CF00AA2A84 /* NewsService.swift */; };
		3B3425712EE3B9CF00AA2A84 /* NewsStateView.swift in Sources */ = {isa = PBXBuildFile; fileRef = 3B34256B2EE3B9CF00AA2A84 /* NewsStateView.swift */; };
		3B3425722EE3B9CF00AA2A84 /* NewsCell.swift in Sources */ = {isa = PBXBuildFile; fileRef = 3B34256A2EE3B9CF00AA2A84 /* NewsCell.swift */; };
		3B3425732EE3B9CF00AA2A84 /* PageableDemoViewController.swift in Sources */ = {isa = PBXBuildFile; fileRef = 3B3425672EE3B9CF00AA2A84 /* PageableDemoViewController.swift */; };
		3B3425742EE3B9CF00AA2A84 /* NewsDemoViewModel.swift in Sources */ = {isa = PBXBuildFile; fileRef = 3B34256D2EE3B9CF00AA2A84 /* NewsDemoViewModel.swift */; };
		3B3425762EE3BA0A00AA2A84 /* DemoListViewController.swift in Sources */ = {isa = PBXBuildFile; fileRef = 3B3425752EE3BA0A00AA2A84 /* DemoListViewController.swift */; };
		3B7394522EE25CB900DF2DCF /* README.md in Resources */ = {isa = PBXBuildFile; fileRef = 3B7394452EE25CB900DF2DCF /* README.md */; };
		3B7394532EE25CB900DF2DCF /* Assets.xcassets in Resources */ = {isa = PBXBuildFile; fileRef = 3B7394482EE25CB900DF2DCF /* Assets.xcassets */; };
		3B7394552EE25CB900DF2DCF /* LaunchScreen.storyboard in Resources */ = {isa = PBXBuildFile; fileRef = 3B73944B2EE25CB900DF2DCF /* LaunchScreen.storyboard */; };
		3B7394562EE25CB900DF2DCF /* Main.storyboard in Resources */ = {isa = PBXBuildFile; fileRef = 3B73944D2EE25CB900DF2DCF /* Main.storyboard */; };
		3B7394572EE25CB900DF2DCF /* REAMDE.md in Resources */ = {isa = PBXBuildFile; fileRef = 3B73944E2EE25CB900DF2DCF /* REAMDE.md */; };
		3B7394582EE25CB900DF2DCF /* PagerMenuDefaultCell.swift in Sources */ = {isa = PBXBuildFile; fileRef = 3B73943E2EE25CB900DF2DCF /* PagerMenuDefaultCell.swift */; };
		3B7394592EE25CB900DF2DCF /* PagerPageDataCell.swift in Sources */ = {isa = PBXBuildFile; fileRef = 3B73943F2EE25CB900DF2DCF /* PagerPageDataCell.swift */; };
		3B73945A2EE25CB900DF2DCF /* MultiCategoryPagerView.swift in Sources */ = {isa = PBXBuildFile; fileRef = 3B7394412EE25CB900DF2DCF /* MultiCategoryPagerView.swift */; };
		3B73945B2EE25CB900DF2DCF /* PagerModels.swift in Sources */ = {isa = PBXBuildFile; fileRef = 3B7394422EE25CB900DF2DCF /* PagerModels.swift */; };
		3B73945C2EE25CB900DF2DCF /* PagerProtocols.swift in Sources */ = {isa = PBXBuildFile; fileRef = 3B7394432EE25CB900DF2DCF /* PagerProtocols.swift */; };
		3B73945D2EE25CB900DF2DCF /* PageScrollCache.swift in Sources */ = {isa = PBXBuildFile; fileRef = 3B7394442EE25CB900DF2DCF /* PageScrollCache.swift */; };
		3B73945E2EE25CB900DF2DCF /* AppDelegate.swift in Sources */ = {isa = PBXBuildFile; fileRef = 3B7394472EE25CB900DF2DCF /* AppDelegate.swift */; };
		3B73945F2EE25CB900DF2DCF /* SceneDelegate.swift in Sources */ = {isa = PBXBuildFile; fileRef = 3B73944F2EE25CB900DF2DCF /* SceneDelegate.swift */; };
		3B7394602EE25CB900DF2DCF /* PagerDemoViewController.swift in Sources */ = {isa = PBXBuildFile; fileRef = 3B7394502EE25CB900DF2DCF /* PagerDemoViewController.swift */; };
		3B7394682EE31ACC00DF2DCF /* DemoLoadMoreProvider.swift in Sources */ = {isa = PBXBuildFile; fileRef = 3B7394622EE31ACC00DF2DCF /* DemoLoadMoreProvider.swift */; };
		3B7394692EE31ACC00DF2DCF /* DemoModels.swift in Sources */ = {isa = PBXBuildFile; fileRef = 3B7394642EE31ACC00DF2DCF /* DemoModels.swift */; };
		3B73946A2EE31ACC00DF2DCF /* DemoPageDataAdapter.swift in Sources */ = {isa = PBXBuildFile; fileRef = 3B7394652EE31ACC00DF2DCF /* DemoPageDataAdapter.swift */; };
		3B73946B2EE31ACC00DF2DCF /* DemoMenuProvider.swift in Sources */ = {isa = PBXBuildFile; fileRef = 3B7394632EE31ACC00DF2DCF /* DemoMenuProvider.swift */; };
		3B73946C2EE31ACC00DF2DCF /* DemoPageStateProvider.swift in Sources */ = {isa = PBXBuildFile; fileRef = 3B7394662EE31ACC00DF2DCF /* DemoPageStateProvider.swift */; };
		3B73946D2EE31ACC00DF2DCF /* DemoDataStore.swift in Sources */ = {isa = PBXBuildFile; fileRef = 3B7394612EE31ACC00DF2DCF /* DemoDataStore.swift */; };
		3B73946F2EE323A900DF2DCF /* swift-style-guide.md in Resources */ = {isa = PBXBuildFile; fileRef = 3B73946E2EE323A900DF2DCF /* swift-style-guide.md */; };
		3B7394752EE329A200DF2DCF /* PageableViewModel.swift in Sources */ = {isa = PBXBuildFile; fileRef = 3B7394722EE329A200DF2DCF /* PageableViewModel.swift */; };
		3B7394762EE329A200DF2DCF /* PageableProtocols.swift in Sources */ = {isa = PBXBuildFile; fileRef = 3B7394712EE329A200DF2DCF /* PageableProtocols.swift */; };
		3B7394772EE329A200DF2DCF /* PageableModels.swift in Sources */ = {isa = PBXBuildFile; fileRef = 3B7394702EE329A200DF2DCF /* PageableModels.swift */; };
		3B7394782EE329A200DF2DCF /* pageable.md in Resources */ = {isa = PBXBuildFile; fileRef = 3B7394732EE329A200DF2DCF /* pageable.md */; };
		3B73947B2EE33AFB00DF2DCF /* PromiseKit in Frameworks */ = {isa = PBXBuildFile; productRef = 3B73947A2EE33AFB00DF2DCF /* PromiseKit */; };
		3B73947D2EE33D4600DF2DCF /* PageableViewModelPromise.swift in Sources */ = {isa = PBXBuildFile; fileRef = 3B73947C2EE33D4600DF2DCF /* PageableViewModelPromise.swift */; };
		3B73947F2EE3AFE900DF2DCF /* PageableViewContainer.swift in Sources */ = {isa = PBXBuildFile; fileRef = 3B73947E2EE3AFE900DF2DCF /* PageableViewContainer.swift */; };
		3B7394812EE3B00900DF2DCF /* PageableViewProtocols.swift in Sources */ = {isa = PBXBuildFile; fileRef = 3B7394802EE3B00900DF2DCF /* PageableViewProtocols.swift */; };
		3BEAFEF12EE1DC4C0019E77E /* LookinServer in Frameworks */ = {isa = PBXBuildFile; productRef = 3BEAFEF02EE1DC4C0019E77E /* LookinServer */; };
		3BEAFEF42EE1DC5C0019E77E /* SnapKit in Frameworks */ = {isa = PBXBuildFile; productRef = 3BEAFEF32EE1DC5C0019E77E /* SnapKit */; };
/* End PBXBuildFile section */

/* Begin PBXFileReference section */
		3B1643E72EF6F6330026A95B /* LiquidDemoViewController.swift */ = {isa = PBXFileReference; lastKnownFileType = sourcecode.swift; path = LiquidDemoViewController.swift; sourceTree = "<group>"; };
		3B1643EA2EF6FE740026A95B /* GlassContainerView.swift */ = {isa = PBXFileReference; lastKnownFileType = sourcecode.swift; path = GlassContainerView.swift; sourceTree = "<group>"; };
		3B3425652EE3B9CF00AA2A84 /* NewsItem.swift */ = {isa = PBXFileReference; lastKnownFileType = sourcecode.swift; path = NewsItem.swift; sourceTree = "<group>"; };
		3B3425672EE3B9CF00AA2A84 /* PageableDemoViewController.swift */ = {isa = PBXFileReference; lastKnownFileType = sourcecode.swift; path = PageableDemoViewController.swift; sourceTree = "<group>"; };
		3B3425682EE3B9CF00AA2A84 /* NewsService.swift */ = {isa = PBXFileReference; lastKnownFileType = sourcecode.swift; path = NewsService.swift; sourceTree = "<group>"; };
		3B34256A2EE3B9CF00AA2A84 /* NewsCell.swift */ = {isa = PBXFileReference; lastKnownFileType = sourcecode.swift; path = NewsCell.swift; sourceTree = "<group>"; };
		3B34256B2EE3B9CF00AA2A84 /* NewsStateView.swift */ = {isa = PBXFileReference; lastKnownFileType = sourcecode.swift; path = NewsStateView.swift; sourceTree = "<group>"; };
		3B34256D2EE3B9CF00AA2A84 /* NewsDemoViewModel.swift */ = {isa = PBXFileReference; lastKnownFileType = sourcecode.swift; path = NewsDemoViewModel.swift; sourceTree = "<group>"; };
		3B3425752EE3BA0A00AA2A84 /* DemoListViewController.swift */ = {isa = PBXFileReference; lastKnownFileType = sourcecode.swift; path = DemoListViewController.swift; sourceTree = "<group>"; };
		3B73943E2EE25CB900DF2DCF /* PagerMenuDefaultCell.swift */ = {isa = PBXFileReference; lastKnownFileType = sourcecode.swift; path = PagerMenuDefaultCell.swift; sourceTree = "<group>"; };
		3B73943F2EE25CB900DF2DCF /* PagerPageDataCell.swift */ = {isa = PBXFileReference; lastKnownFileType = sourcecode.swift; path = PagerPageDataCell.swift; sourceTree = "<group>"; };
		3B7394412EE25CB900DF2DCF /* MultiCategoryPagerView.swift */ = {isa = PBXFileReference; lastKnownFileType = sourcecode.swift; path = MultiCategoryPagerView.swift; sourceTree = "<group>"; };
		3B7394422EE25CB900DF2DCF /* PagerModels.swift */ = {isa = PBXFileReference; lastKnownFileType = sourcecode.swift; path = PagerModels.swift; sourceTree = "<group>"; };
		3B7394432EE25CB900DF2DCF /* PagerProtocols.swift */ = {isa = PBXFileReference; lastKnownFileType = sourcecode.swift; path = PagerProtocols.swift; sourceTree = "<group>"; };
		3B7394442EE25CB900DF2DCF /* PageScrollCache.swift */ = {isa = PBXFileReference; lastKnownFileType = sourcecode.swift; path = PageScrollCache.swift; sourceTree = "<group>"; };
		3B7394452EE25CB900DF2DCF /* README.md */ = {isa = PBXFileReference; lastKnownFileType = net.daringfireball.markdown; path = README.md; sourceTree = "<group>"; };
		3B7394472EE25CB900DF2DCF /* AppDelegate.swift */ = {isa = PBXFileReference; lastKnownFileType = sourcecode.swift; path = AppDelegate.swift; sourceTree = "<group>"; };
		3B7394482EE25CB900DF2DCF /* Assets.xcassets */ = {isa = PBXFileReference; lastKnownFileType = folder.assetcatalog; path = Assets.xcassets; sourceTree = "<group>"; };
		3B7394492EE25CB900DF2DCF /* Info.plist */ = {isa = PBXFileReference; lastKnownFileType = text.plist.xml; path = Info.plist; sourceTree = "<group>"; };
		3B73944A2EE25CB900DF2DCF /* Base */ = {isa = PBXFileReference; lastKnownFileType = file.storyboard; name = Base; path = Base.lproj/LaunchScreen.storyboard; sourceTree = "<group>"; };
		3B73944C2EE25CB900DF2DCF /* Base */ = {isa = PBXFileReference; lastKnownFileType = file.storyboard; name = Base; path = Base.lproj/Main.storyboard; sourceTree = "<group>"; };
		3B73944E2EE25CB900DF2DCF /* REAMDE.md */ = {isa = PBXFileReference; lastKnownFileType = net.daringfireball.markdown; path = REAMDE.md; sourceTree = "<group>"; };
		3B73944F2EE25CB900DF2DCF /* SceneDelegate.swift */ = {isa = PBXFileReference; lastKnownFileType = sourcecode.swift; path = SceneDelegate.swift; sourceTree = "<group>"; };
		3B7394502EE25CB900DF2DCF /* PagerDemoViewController.swift */ = {isa = PBXFileReference; lastKnownFileType = sourcecode.swift; path = PagerDemoViewController.swift; sourceTree = "<group>"; };
		3B7394612EE31ACC00DF2DCF /* DemoDataStore.swift */ = {isa = PBXFileReference; lastKnownFileType = sourcecode.swift; path = DemoDataStore.swift; sourceTree = "<group>"; };
		3B7394622EE31ACC00DF2DCF /* DemoLoadMoreProvider.swift */ = {isa = PBXFileReference; lastKnownFileType = sourcecode.swift; path = DemoLoadMoreProvider.swift; sourceTree = "<group>"; };
		3B7394632EE31ACC00DF2DCF /* DemoMenuProvider.swift */ = {isa = PBXFileReference; lastKnownFileType = sourcecode.swift; path = DemoMenuProvider.swift; sourceTree = "<group>"; };
		3B7394642EE31ACC00DF2DCF /* DemoModels.swift */ = {isa = PBXFileReference; lastKnownFileType = sourcecode.swift; path = DemoModels.swift; sourceTree = "<group>"; };
		3B7394652EE31ACC00DF2DCF /* DemoPageDataAdapter.swift */ = {isa = PBXFileReference; lastKnownFileType = sourcecode.swift; path = DemoPageDataAdapter.swift; sourceTree = "<group>"; };
		3B7394662EE31ACC00DF2DCF /* DemoPageStateProvider.swift */ = {isa = PBXFileReference; lastKnownFileType = sourcecode.swift; path = DemoPageStateProvider.swift; sourceTree = "<group>"; };
		3B73946E2EE323A900DF2DCF /* swift-style-guide.md */ = {isa = PBXFileReference; lastKnownFileType = net.daringfireball.markdown; path = "swift-style-guide.md"; sourceTree = "<group>"; };
		3B7394702EE329A200DF2DCF /* PageableModels.swift */ = {isa = PBXFileReference; lastKnownFileType = sourcecode.swift; path = PageableModels.swift; sourceTree = "<group>"; };
		3B7394712EE329A200DF2DCF /* PageableProtocols.swift */ = {isa = PBXFileReference; lastKnownFileType = sourcecode.swift; path = PageableProtocols.swift; sourceTree = "<group>"; };
		3B7394722EE329A200DF2DCF /* PageableViewModel.swift */ = {isa = PBXFileReference; lastKnownFileType = sourcecode.swift; path = PageableViewModel.swift; sourceTree = "<group>"; };
		3B7394732EE329A200DF2DCF /* pageable.md */ = {isa = PBXFileReference; lastKnownFileType = net.daringfireball.markdown; path = pageable.md; sourceTree = "<group>"; };
		3B73947C2EE33D4600DF2DCF /* PageableViewModelPromise.swift */ = {isa = PBXFileReference; lastKnownFileType = sourcecode.swift; path = PageableViewModelPromise.swift; sourceTree = "<group>"; };
		3B73947E2EE3AFE900DF2DCF /* PageableViewContainer.swift */ = {isa = PBXFileReference; lastKnownFileType = sourcecode.swift; path = PageableViewContainer.swift; sourceTree = "<group>"; };
		3B7394802EE3B00900DF2DCF /* PageableViewProtocols.swift */ = {isa = PBXFileReference; lastKnownFileType = sourcecode.swift; path = PageableViewProtocols.swift; sourceTree = "<group>"; };
		3BEAFED72EE1DBEA0019E77E /* ViewPagerDemo.app */ = {isa = PBXFileReference; explicitFileType = wrapper.application; includeInIndex = 0; path = ViewPagerDemo.app; sourceTree = BUILT_PRODUCTS_DIR; };
		7056E61ABEAE327E41EAEDA2 /* Pods_ViewPagerDemo.framework */ = {isa = PBXFileReference; explicitFileType = wrapper.framework; includeInIndex = 0; path = Pods_ViewPagerDemo.framework; sourceTree = BUILT_PRODUCTS_DIR; };
		AFBF1E3CE1A21F4757F2EC9A /* Pods-ViewPagerDemo.release.xcconfig */ = {isa = PBXFileReference; includeInIndex = 1; lastKnownFileType = text.xcconfig; name = "Pods-ViewPagerDemo.release.xcconfig"; path = "Target Support Files/Pods-ViewPagerDemo/Pods-ViewPagerDemo.release.xcconfig"; sourceTree = "<group>"; };
		F46A43FDEDE7732755A609CC /* Pods-ViewPagerDemo.debug.xcconfig */ = {isa = PBXFileReference; includeInIndex = 1; lastKnownFileType = text.xcconfig; name = "Pods-ViewPagerDemo.debug.xcconfig"; path = "Target Support Files/Pods-ViewPagerDemo/Pods-ViewPagerDemo.debug.xcconfig"; sourceTree = "<group>"; };
/* End PBXFileReference section */

/* Begin PBXFrameworksBuildPhase section */
		3BEAFED42EE1DBEA0019E77E /* Frameworks */ = {
			isa = PBXFrameworksBuildPhase;
			buildActionMask = 2147483647;
			files = (
				3BEAFEF12EE1DC4C0019E77E /* LookinServer in Frameworks */,
				3B73947B2EE33AFB00DF2DCF /* PromiseKit in Frameworks */,
				3BEAFEF42EE1DC5C0019E77E /* SnapKit in Frameworks */,
				284B94675FD84074358D6524 /* Pods_ViewPagerDemo.framework in Frameworks */,
			);
			runOnlyForDeploymentPostprocessing = 0;
		};
/* End PBXFrameworksBuildPhase section */

/* Begin PBXGroup section */
		3B1643E82EF6F6330026A95B /* LiquidDemo */ = {
			isa = PBXGroup;
			children = (
				3B1643EA2EF6FE740026A95B /* GlassContainerView.swift */,
				3B1643E72EF6F6330026A95B /* LiquidDemoViewController.swift */,
			);
			path = LiquidDemo;
			sourceTree = "<group>";
		};
		3B3425662EE3B9CF00AA2A84 /* Model */ = {
			isa = PBXGroup;
			children = (
				3B3425652EE3B9CF00AA2A84 /* NewsItem.swift */,
			);
			path = Model;
			sourceTree = "<group>";
		};
		3B3425692EE3B9CF00AA2A84 /* Service */ = {
			isa = PBXGroup;
			children = (
				3B3425682EE3B9CF00AA2A84 /* NewsService.swift */,
			);
			path = Service;
			sourceTree = "<group>";
		};
		3B34256C2EE3B9CF00AA2A84 /* View */ = {
			isa = PBXGroup;
			children = (
				3B34256A2EE3B9CF00AA2A84 /* NewsCell.swift */,
				3B34256B2EE3B9CF00AA2A84 /* NewsStateView.swift */,
			);
			path = View;
			sourceTree = "<group>";
		};
		3B34256E2EE3B9CF00AA2A84 /* ViewModel */ = {
			isa = PBXGroup;
			children = (
				3B34256D2EE3B9CF00AA2A84 /* NewsDemoViewModel.swift */,
			);
			path = ViewModel;
			sourceTree = "<group>";
		};
		3B7394402EE25CB900DF2DCF /* Cells */ = {
			isa = PBXGroup;
			children = (
				3B73943E2EE25CB900DF2DCF /* PagerMenuDefaultCell.swift */,
				3B73943F2EE25CB900DF2DCF /* PagerPageDataCell.swift */,
			);
			path = Cells;
			sourceTree = "<group>";
		};
		3B7394462EE25CB900DF2DCF /* Pager */ = {
			isa = PBXGroup;
			children = (
				3B7394402EE25CB900DF2DCF /* Cells */,
				3B7394412EE25CB900DF2DCF /* MultiCategoryPagerView.swift */,
				3B7394422EE25CB900DF2DCF /* PagerModels.swift */,
				3B7394432EE25CB900DF2DCF /* PagerProtocols.swift */,
				3B7394442EE25CB900DF2DCF /* PageScrollCache.swift */,
				3B7394452EE25CB900DF2DCF /* README.md */,
			);
			path = Pager;
			sourceTree = "<group>";
		};
		3B7394512EE25CB900DF2DCF /* ViewPagerDemo */ = {
			isa = PBXGroup;
			children = (
				3B7394672EE31ACC00DF2DCF /* Demo */,
				3B7394742EE329A200DF2DCF /* Pageable */,
				3B7394462EE25CB900DF2DCF /* Pager */,
				3B7394472EE25CB900DF2DCF /* AppDelegate.swift */,
				3B73944F2EE25CB900DF2DCF /* SceneDelegate.swift */,
				3B7394482EE25CB900DF2DCF /* Assets.xcassets */,
				3B7394492EE25CB900DF2DCF /* Info.plist */,
				3B73944B2EE25CB900DF2DCF /* LaunchScreen.storyboard */,
				3B73944D2EE25CB900DF2DCF /* Main.storyboard */,
				3B73946E2EE323A900DF2DCF /* swift-style-guide.md */,
				3B73944E2EE25CB900DF2DCF /* REAMDE.md */,
			);
			path = ViewPagerDemo;
			sourceTree = "<group>";
		};
		3B7394672EE31ACC00DF2DCF /* Demo */ = {
			isa = PBXGroup;
			children = (
				3B1643E82EF6F6330026A95B /* LiquidDemo */,
				3BD0A0102F00000100000001 /* PagerDemo */,
				3BD0A0112F00000100000001 /* PageableDemo */,
				3B3425752EE3BA0A00AA2A84 /* DemoListViewController.swift */,
			);
			path = Demo;
			sourceTree = "<group>";
		};
		3B7394742EE329A200DF2DCF /* Pageable */ = {
			isa = PBXGroup;
			children = (
				3B7394802EE3B00900DF2DCF /* PageableViewProtocols.swift */,
				3B73947E2EE3AFE900DF2DCF /* PageableViewContainer.swift */,
				3B7394702EE329A200DF2DCF /* PageableModels.swift */,
				3B7394712EE329A200DF2DCF /* PageableProtocols.swift */,
				3B7394722EE329A200DF2DCF /* PageableViewModel.swift */,
				3B73947C2EE33D4600DF2DCF /* PageableViewModelPromise.swift */,
				3B7394732EE329A200DF2DCF /* pageable.md */,
			);
			path = Pageable;
			sourceTree = "<group>";
		};
		3BD0A0102F00000100000001 /* PagerDemo */ = {
			isa = PBXGroup;
			children = (
				3B7394612EE31ACC00DF2DCF /* DemoDataStore.swift */,
				3B7394622EE31ACC00DF2DCF /* DemoLoadMoreProvider.swift */,
				3B7394632EE31ACC00DF2DCF /* DemoMenuProvider.swift */,
				3B7394642EE31ACC00DF2DCF /* DemoModels.swift */,
				3B7394652EE31ACC00DF2DCF /* DemoPageDataAdapter.swift */,
				3B7394662EE31ACC00DF2DCF /* DemoPageStateProvider.swift */,
				3B7394502EE25CB900DF2DCF /* PagerDemoViewController.swift */,
			);
			path = PagerDemo;
			sourceTree = "<group>";
		};
		3BD0A0112F00000100000001 /* PageableDemo */ = {
			isa = PBXGroup;
			children = (
				3B3425672EE3B9CF00AA2A84 /* PageableDemoViewController.swift */,
				3B3425662EE3B9CF00AA2A84 /* Model */,
				3B3425692EE3B9CF00AA2A84 /* Service */,
				3B34256C2EE3B9CF00AA2A84 /* View */,
				3B34256E2EE3B9CF00AA2A84 /* ViewModel */,
			);
			path = PageableDemo;
			sourceTree = "<group>";
		};
		3BEAFECE2EE1DBEA0019E77E = {
			isa = PBXGroup;
			children = (
				3B7394512EE25CB900DF2DCF /* ViewPagerDemo */,
				3BEAFED82EE1DBEA0019E77E /* Products */,
				BBC90B8A683F4AAA318500D0 /* Pods */,
				87839AE4B0C227F7B916CBD9 /* Frameworks */,
			);
			sourceTree = "<group>";
		};
		3BEAFED82EE1DBEA0019E77E /* Products */ = {
			isa = PBXGroup;
			children = (
				3BEAFED72EE1DBEA0019E77E /* ViewPagerDemo.app */,
			);
			name = Products;
			sourceTree = "<group>";
		};
		87839AE4B0C227F7B916CBD9 /* Frameworks */ = {
			isa = PBXGroup;
			children = (
				7056E61ABEAE327E41EAEDA2 /* Pods_ViewPagerDemo.framework */,
			);
			name = Frameworks;
			sourceTree = "<group>";
		};
		BBC90B8A683F4AAA318500D0 /* Pods */ = {
			isa = PBXGroup;
			children = (
				F46A43FDEDE7732755A609CC /* Pods-ViewPagerDemo.debug.xcconfig */,
				AFBF1E3CE1A21F4757F2EC9A /* Pods-ViewPagerDemo.release.xcconfig */,
			);
			path = Pods;
			sourceTree = "<group>";
		};
/* End PBXGroup section */

/* Begin PBXNativeTarget section */
		3BEAFED62EE1DBEA0019E77E /* ViewPagerDemo */ = {
			isa = PBXNativeTarget;
			buildConfigurationList = 3BEAFEEA2EE1DBEB0019E77E /* Build configuration list for PBXNativeTarget "ViewPagerDemo" */;
			buildPhases = (
				B42BFAC97F2CC25AD91DE294 /* [CP] Check Pods Manifest.lock */,
				3BEAFED32EE1DBEA0019E77E /* Sources */,
				3BEAFED42EE1DBEA0019E77E /* Frameworks */,
				3BEAFED52EE1DBEA0019E77E /* Resources */,
				525B43402A068A75411A36A2 /* [CP] Embed Pods Frameworks */,
			);
			buildRules = (
			);
			dependencies = (
			);
			name = ViewPagerDemo;
			packageProductDependencies = (
				3BEAFEF02EE1DC4C0019E77E /* LookinServer */,
				3BEAFEF32EE1DC5C0019E77E /* SnapKit */,
				3B73947A2EE33AFB00DF2DCF /* PromiseKit */,
			);
			productName = ViewPagerDemo;
			productReference = 3BEAFED72EE1DBEA0019E77E /* ViewPagerDemo.app */;
			productType = "com.apple.product-type.application";
		};
/* End PBXNativeTarget section */

/* Begin PBXProject section */
		3BEAFECF2EE1DBEA0019E77E /* Project object */ = {
			isa = PBXProject;
			attributes = {
				BuildIndependentTargetsInParallel = 1;
				LastSwiftUpdateCheck = 2600;
				LastUpgradeCheck = 2600;
				TargetAttributes = {
					3BEAFED62EE1DBEA0019E77E = {
						CreatedOnToolsVersion = 26.0.1;
					};
				};
			};
			buildConfigurationList = 3BEAFED22EE1DBEA0019E77E /* Build configuration list for PBXProject "ViewPagerDemo" */;
			compatibilityVersion = "Xcode 14.0";
			developmentRegion = en;
			hasScannedForEncodings = 0;
			knownRegions = (
				en,
				Base,
			);
			mainGroup = 3BEAFECE2EE1DBEA0019E77E;
			packageReferences = (
				3BEAFEEF2EE1DC4B0019E77E /* XCLocalSwiftPackageReference "../../Documents/iOS4app/LookinServer" */,
				3BEAFEF22EE1DC5C0019E77E /* XCLocalSwiftPackageReference "../../Documents/iOS4app/SnapKit" */,
				3B7394792EE33AFB00DF2DCF /* XCRemoteSwiftPackageReference "PromiseKit" */,
			);
			productRefGroup = 3BEAFED82EE1DBEA0019E77E /* Products */;
			projectDirPath = "";
			projectRoot = "";
			targets = (
				3BEAFED62EE1DBEA0019E77E /* ViewPagerDemo */,
			);
		};
/* End PBXProject section */

/* Begin PBXResourcesBuildPhase section */
		3BEAFED52EE1DBEA0019E77E /* Resources */ = {
			isa = PBXResourcesBuildPhase;
			buildActionMask = 2147483647;
			files = (
				3B7394522EE25CB900DF2DCF /* README.md in Resources */,
				3B7394532EE25CB900DF2DCF /* Assets.xcassets in Resources */,
				3B7394552EE25CB900DF2DCF /* LaunchScreen.storyboard in Resources */,
				3B7394782EE329A200DF2DCF /* pageable.md in Resources */,
				3B73946F2EE323A900DF2DCF /* swift-style-guide.md in Resources */,
				3B7394562EE25CB900DF2DCF /* Main.storyboard in Resources */,
				3B7394572EE25CB900DF2DCF /* REAMDE.md in Resources */,
			);
			runOnlyForDeploymentPostprocessing = 0;
		};
/* End PBXResourcesBuildPhase section */

/* Begin PBXShellScriptBuildPhase section */
		525B43402A068A75411A36A2 /* [CP] Embed Pods Frameworks */ = {
			isa = PBXShellScriptBuildPhase;
			buildActionMask = 2147483647;
			files = (
			);
			inputFileListPaths = (
				"${PODS_ROOT}/Target Support Files/Pods-ViewPagerDemo/Pods-ViewPagerDemo-frameworks-${CONFIGURATION}-input-files.xcfilelist",
			);
			inputPaths = (
			);
			name = "[CP] Embed Pods Frameworks";
			outputFileListPaths = (
				"${PODS_ROOT}/Target Support Files/Pods-ViewPagerDemo/Pods-ViewPagerDemo-frameworks-${CONFIGURATION}-output-files.xcfilelist",
			);
			outputPaths = (
			);
			runOnlyForDeploymentPostprocessing = 0;
			shellPath = /bin/sh;
			shellScript = "\"${PODS_ROOT}/Target Support Files/Pods-ViewPagerDemo/Pods-ViewPagerDemo-frameworks.sh\"\n";
			showEnvVarsInLog = 0;
		};
		B42BFAC97F2CC25AD91DE294 /* [CP] Check Pods Manifest.lock */ = {
			isa = PBXShellScriptBuildPhase;
			buildActionMask = 2147483647;
			files = (
			);
			inputFileListPaths = (
			);
			inputPaths = (
				"${PODS_PODFILE_DIR_PATH}/Podfile.lock",
				"${PODS_ROOT}/Manifest.lock",
			);
			name = "[CP] Check Pods Manifest.lock";
			outputFileListPaths = (
			);
			outputPaths = (
				"$(DERIVED_FILE_DIR)/Pods-ViewPagerDemo-checkManifestLockResult.txt",
			);
			runOnlyForDeploymentPostprocessing = 0;
			shellPath = /bin/sh;
			shellScript = "diff \"${PODS_PODFILE_DIR_PATH}/Podfile.lock\" \"${PODS_ROOT}/Manifest.lock\" > /dev/null\nif [ $? != 0 ] ; then\n    # print error to STDERR\n    echo \"error: The sandbox is not in sync with the Podfile.lock. Run 'pod install' or update your CocoaPods installation.\" >&2\n    exit 1\nfi\n# This output is used by Xcode 'outputs' to avoid re-running this script phase.\necho \"SUCCESS\" > \"${SCRIPT_OUTPUT_FILE_0}\"\n";
			showEnvVarsInLog = 0;
		};
/* End PBXShellScriptBuildPhase section */

/* Begin PBXSourcesBuildPhase section */
		3BEAFED32EE1DBEA0019E77E /* Sources */ = {
			isa = PBXSourcesBuildPhase;
			buildActionMask = 2147483647;
			files = (
				3B73947D2EE33D4600DF2DCF /* PageableViewModelPromise.swift in Sources */,
				3B7394582EE25CB900DF2DCF /* PagerMenuDefaultCell.swift in Sources */,
				3B7394592EE25CB900DF2DCF /* PagerPageDataCell.swift in Sources */,
				3B34256F2EE3B9CF00AA2A84 /* NewsItem.swift in Sources */,
				3B3425702EE3B9CF00AA2A84 /* NewsService.swift in Sources */,
				3B3425712EE3B9CF00AA2A84 /* NewsStateView.swift in Sources */,
				3B3425722EE3B9CF00AA2A84 /* NewsCell.swift in Sources */,
				3B3425732EE3B9CF00AA2A84 /* PageableDemoViewController.swift in Sources */,
				3B3425742EE3B9CF00AA2A84 /* NewsDemoViewModel.swift in Sources */,
				3B73945A2EE25CB900DF2DCF /* MultiCategoryPagerView.swift in Sources */,
				3B73945B2EE25CB900DF2DCF /* PagerModels.swift in Sources */,
				3B73945C2EE25CB900DF2DCF /* PagerProtocols.swift in Sources */,
				3B7394682EE31ACC00DF2DCF /* DemoLoadMoreProvider.swift in Sources */,
				3B7394692EE31ACC00DF2DCF /* DemoModels.swift in Sources */,
				3B73946A2EE31ACC00DF2DCF /* DemoPageDataAdapter.swift in Sources */,
				3B73946B2EE31ACC00DF2DCF /* DemoMenuProvider.swift in Sources */,
				3B73946C2EE31ACC00DF2DCF /* DemoPageStateProvider.swift in Sources */,
				3B73946D2EE31ACC00DF2DCF /* DemoDataStore.swift in Sources */,
				3B7394812EE3B00900DF2DCF /* PageableViewProtocols.swift in Sources */,
				3B7394752EE329A200DF2DCF /* PageableViewModel.swift in Sources */,
				3B7394762EE329A200DF2DCF /* PageableProtocols.swift in Sources */,
				3B1643E92EF6F6330026A95B /* LiquidDemoViewController.swift in Sources */,
				3B3425762EE3BA0A00AA2A84 /* DemoListViewController.swift in Sources */,
				3B1643EB2EF6FE740026A95B /* GlassContainerView.swift in Sources */,
				3B7394772EE329A200DF2DCF /* PageableModels.swift in Sources */,
				3B73947F2EE3AFE900DF2DCF /* PageableViewContainer.swift in Sources */,
				3B73945D2EE25CB900DF2DCF /* PageScrollCache.swift in Sources */,
				3B73945E2EE25CB900DF2DCF /* AppDelegate.swift in Sources */,
				3B73945F2EE25CB900DF2DCF /* SceneDelegate.swift in Sources */,
				3B7394602EE25CB900DF2DCF /* PagerDemoViewController.swift in Sources */,
			);
			runOnlyForDeploymentPostprocessing = 0;
		};
/* End PBXSourcesBuildPhase section */

/* Begin PBXVariantGroup section */
		3B73944B2EE25CB900DF2DCF /* LaunchScreen.storyboard */ = {
			isa = PBXVariantGroup;
			children = (
				3B73944A2EE25CB900DF2DCF /* Base */,
			);
			name = LaunchScreen.storyboard;
			sourceTree = "<group>";
		};
		3B73944D2EE25CB900DF2DCF /* Main.storyboard */ = {
			isa = PBXVariantGroup;
			children = (
				3B73944C2EE25CB900DF2DCF /* Base */,
			);
			name = Main.storyboard;
			sourceTree = "<group>";
		};
/* End PBXVariantGroup section */

/* Begin XCBuildConfiguration section */
		3BEAFEEB2EE1DBEB0019E77E /* Debug */ = {
			isa = XCBuildConfiguration;
			baseConfigurationReference = F46A43FDEDE7732755A609CC /* Pods-ViewPagerDemo.debug.xcconfig */;
			buildSettings = {
				ASSETCATALOG_COMPILER_APPICON_NAME = AppIcon;
				ASSETCATALOG_COMPILER_GLOBAL_ACCENT_COLOR_NAME = AccentColor;
				CODE_SIGN_STYLE = Automatic;
				CURRENT_PROJECT_VERSION = 1;
				DEVELOPMENT_TEAM = B25W6B3V3R;
				GENERATE_INFOPLIST_FILE = YES;
				INFOPLIST_FILE = ViewPagerDemo/Info.plist;
				INFOPLIST_KEY_UIApplicationSupportsIndirectInputEvents = YES;
				INFOPLIST_KEY_UILaunchStoryboardName = LaunchScreen;
				INFOPLIST_KEY_UISupportedInterfaceOrientations_iPad = "UIInterfaceOrientationPortrait UIInterfaceOrientationPortraitUpsideDown UIInterfaceOrientationLandscapeLeft UIInterfaceOrientationLandscapeRight";
				INFOPLIST_KEY_UISupportedInterfaceOrientations_iPhone = "UIInterfaceOrientationPortrait UIInterfaceOrientationLandscapeLeft UIInterfaceOrientationLandscapeRight";
				IPHONEOS_DEPLOYMENT_TARGET = 15.6;
				LD_RUNPATH_SEARCH_PATHS = (
					"$(inherited)",
					"@executable_path/Frameworks",
				);
				MARKETING_VERSION = 1.0;
				PRODUCT_BUNDLE_IDENTIFIER = com.ruir.uikittest.ViewPagerDemo;
				PRODUCT_NAME = "$(TARGET_NAME)";
				STRING_CATALOG_GENERATE_SYMBOLS = YES;
				SWIFT_APPROACHABLE_CONCURRENCY = YES;
				SWIFT_DEFAULT_ACTOR_ISOLATION = MainActor;
				SWIFT_EMIT_LOC_STRINGS = YES;
				SWIFT_UPCOMING_FEATURE_MEMBER_IMPORT_VISIBILITY = YES;
				SWIFT_VERSION = 5.0;
				TARGETED_DEVICE_FAMILY = "1,2";
			};
			name = Debug;
		};
		3BEAFEEC2EE1DBEB0019E77E /* Release */ = {
			isa = XCBuildConfiguration;
			baseConfigurationReference = AFBF1E3CE1A21F4757F2EC9A /* Pods-ViewPagerDemo.release.xcconfig */;
			buildSettings = {
				ASSETCATALOG_COMPILER_APPICON_NAME = AppIcon;
				ASSETCATALOG_COMPILER_GLOBAL_ACCENT_COLOR_NAME = AccentColor;
				CODE_SIGN_STYLE = Automatic;
				CURRENT_PROJECT_VERSION = 1;
				DEVELOPMENT_TEAM = B25W6B3V3R;
				GENERATE_INFOPLIST_FILE = YES;
				INFOPLIST_FILE = ViewPagerDemo/Info.plist;
				INFOPLIST_KEY_UIApplicationSupportsIndirectInputEvents = YES;
				INFOPLIST_KEY_UILaunchStoryboardName = LaunchScreen;
				INFOPLIST_KEY_UISupportedInterfaceOrientations_iPad = "UIInterfaceOrientationPortrait UIInterfaceOrientationPortraitUpsideDown UIInterfaceOrientationLandscapeLeft UIInterfaceOrientationLandscapeRight";
				INFOPLIST_KEY_UISupportedInterfaceOrientations_iPhone = "UIInterfaceOrientationPortrait UIInterfaceOrientationLandscapeLeft UIInterfaceOrientationLandscapeRight";
				IPHONEOS_DEPLOYMENT_TARGET = 15.6;
				LD_RUNPATH_SEARCH_PATHS = (
					"$(inherited)",
					"@executable_path/Frameworks",
				);
				MARKETING_VERSION = 1.0;
				PRODUCT_BUNDLE_IDENTIFIER = com.ruir.uikittest.ViewPagerDemo;
				PRODUCT_NAME = "$(TARGET_NAME)";
				STRING_CATALOG_GENERATE_SYMBOLS = YES;
				SWIFT_APPROACHABLE_CONCURRENCY = YES;
				SWIFT_DEFAULT_ACTOR_ISOLATION = MainActor;
				SWIFT_EMIT_LOC_STRINGS = YES;
				SWIFT_UPCOMING_FEATURE_MEMBER_IMPORT_VISIBILITY = YES;
				SWIFT_VERSION = 5.0;
				TARGETED_DEVICE_FAMILY = "1,2";
			};
			name = Release;
		};
		3BEAFEED2EE1DBEB0019E77E /* Debug */ = {
			isa = XCBuildConfiguration;
			buildSettings = {
				ALWAYS_SEARCH_USER_PATHS = NO;
				ASSETCATALOG_COMPILER_GENERATE_SWIFT_ASSET_SYMBOL_EXTENSIONS = YES;
				CLANG_ANALYZER_NONNULL = YES;
				CLANG_ANALYZER_NUMBER_OBJECT_CONVERSION = YES_AGGRESSIVE;
				CLANG_CXX_LANGUAGE_STANDARD = "gnu++20";
				CLANG_ENABLE_MODULES = YES;
				CLANG_ENABLE_OBJC_ARC = YES;
				CLANG_ENABLE_OBJC_WEAK = YES;
				CLANG_WARN_BLOCK_CAPTURE_AUTORELEASING = YES;
				CLANG_WARN_BOOL_CONVERSION = YES;
				CLANG_WARN_COMMA = YES;
				CLANG_WARN_CONSTANT_CONVERSION = YES;
				CLANG_WARN_DEPRECATED_OBJC_IMPLEMENTATIONS = YES;
				CLANG_WARN_DIRECT_OBJC_ISA_USAGE = YES_ERROR;
				CLANG_WARN_DOCUMENTATION_COMMENTS = YES;
				CLANG_WARN_EMPTY_BODY = YES;
				CLANG_WARN_ENUM_CONVERSION = YES;
				CLANG_WARN_INFINITE_RECURSION = YES;
				CLANG_WARN_INT_CONVERSION = YES;
				CLANG_WARN_NON_LITERAL_NULL_CONVERSION = YES;
				CLANG_WARN_OBJC_IMPLICIT_RETAIN_SELF = YES;
				CLANG_WARN_OBJC_LITERAL_CONVERSION = YES;
				CLANG_WARN_OBJC_ROOT_CLASS = YES_ERROR;
				CLANG_WARN_QUOTED_INCLUDE_IN_FRAMEWORK_HEADER = YES;
				CLANG_WARN_RANGE_LOOP_ANALYSIS = YES;
				CLANG_WARN_STRICT_PROTOTYPES = YES;
				CLANG_WARN_SUSPICIOUS_MOVE = YES;
				CLANG_WARN_UNGUARDED_AVAILABILITY = YES_AGGRESSIVE;
				CLANG_WARN_UNREACHABLE_CODE = YES;
				CLANG_WARN__DUPLICATE_METHOD_MATCH = YES;
				COPY_PHASE_STRIP = NO;
				DEBUG_INFORMATION_FORMAT = dwarf;
				DEVELOPMENT_TEAM = B25W6B3V3R;
				ENABLE_STRICT_OBJC_MSGSEND = YES;
				ENABLE_TESTABILITY = YES;
				ENABLE_USER_SCRIPT_SANDBOXING = NO;
				GCC_C_LANGUAGE_STANDARD = gnu17;
				GCC_DYNAMIC_NO_PIC = NO;
				GCC_NO_COMMON_BLOCKS = YES;
				GCC_OPTIMIZATION_LEVEL = 0;
				GCC_PREPROCESSOR_DEFINITIONS = (
					"DEBUG=1",
					"$(inherited)",
				);
				GCC_WARN_64_TO_32_BIT_CONVERSION = YES;
				GCC_WARN_ABOUT_RETURN_TYPE = YES_ERROR;
				GCC_WARN_UNDECLARED_SELECTOR = YES;
				GCC_WARN_UNINITIALIZED_AUTOS = YES_AGGRESSIVE;
				GCC_WARN_UNUSED_FUNCTION = YES;
				GCC_WARN_UNUSED_VARIABLE = YES;
				IPHONEOS_DEPLOYMENT_TARGET = 26.0;
				LOCALIZATION_PREFERS_STRING_CATALOGS = YES;
				MTL_ENABLE_DEBUG_INFO = INCLUDE_SOURCE;
				MTL_FAST_MATH = YES;
				ONLY_ACTIVE_ARCH = YES;
				SDKROOT = iphoneos;
				SWIFT_ACTIVE_COMPILATION_CONDITIONS = "DEBUG $(inherited)";
				SWIFT_OPTIMIZATION_LEVEL = "-Onone";
			};
			name = Debug;
		};
		3BEAFEEE2EE1DBEB0019E77E /* Release */ = {
			isa = XCBuildConfiguration;
			buildSettings = {
				ALWAYS_SEARCH_USER_PATHS = NO;
				ASSETCATALOG_COMPILER_GENERATE_SWIFT_ASSET_SYMBOL_EXTENSIONS = YES;
				CLANG_ANALYZER_NONNULL = YES;
				CLANG_ANALYZER_NUMBER_OBJECT_CONVERSION = YES_AGGRESSIVE;
				CLANG_CXX_LANGUAGE_STANDARD = "gnu++20";
				CLANG_ENABLE_MODULES = YES;
				CLANG_ENABLE_OBJC_ARC = YES;
				CLANG_ENABLE_OBJC_WEAK = YES;
				CLANG_WARN_BLOCK_CAPTURE_AUTORELEASING = YES;
				CLANG_WARN_BOOL_CONVERSION = YES;
				CLANG_WARN_COMMA = YES;
				CLANG_WARN_CONSTANT_CONVERSION = YES;
				CLANG_WARN_DEPRECATED_OBJC_IMPLEMENTATIONS = YES;
				CLANG_WARN_DIRECT_OBJC_ISA_USAGE = YES_ERROR;
				CLANG_WARN_DOCUMENTATION_COMMENTS = YES;
				CLANG_WARN_EMPTY_BODY = YES;
				CLANG_WARN_ENUM_CONVERSION = YES;
				CLANG_WARN_INFINITE_RECURSION = YES;
				CLANG_WARN_INT_CONVERSION = YES;
				CLANG_WARN_NON_LITERAL_NULL_CONVERSION = YES;
				CLANG_WARN_OBJC_IMPLICIT_RETAIN_SELF = YES;
				CLANG_WARN_OBJC_LITERAL_CONVERSION = YES;
				CLANG_WARN_OBJC_ROOT_CLASS = YES_ERROR;
				CLANG_WARN_QUOTED_INCLUDE_IN_FRAMEWORK_HEADER = YES;
				CLANG_WARN_RANGE_LOOP_ANALYSIS = YES;
				CLANG_WARN_STRICT_PROTOTYPES = YES;
				CLANG_WARN_SUSPICIOUS_MOVE = YES;
				CLANG_WARN_UNGUARDED_AVAILABILITY = YES_AGGRESSIVE;
				CLANG_WARN_UNREACHABLE_CODE = YES;
				CLANG_WARN__DUPLICATE_METHOD_MATCH = YES;
				COPY_PHASE_STRIP = NO;
				DEBUG_INFORMATION_FORMAT = "dwarf-with-dsym";
				DEVELOPMENT_TEAM = B25W6B3V3R;
				ENABLE_NS_ASSERTIONS = NO;
				ENABLE_STRICT_OBJC_MSGSEND = YES;
				ENABLE_USER_SCRIPT_SANDBOXING = NO;
				GCC_C_LANGUAGE_STANDARD = gnu17;
				GCC_NO_COMMON_BLOCKS = YES;
				GCC_WARN_64_TO_32_BIT_CONVERSION = YES;
				GCC_WARN_ABOUT_RETURN_TYPE = YES_ERROR;
				GCC_WARN_UNDECLARED_SELECTOR = YES;
				GCC_WARN_UNINITIALIZED_AUTOS = YES_AGGRESSIVE;
				GCC_WARN_UNUSED_FUNCTION = YES;
				GCC_WARN_UNUSED_VARIABLE = YES;
				IPHONEOS_DEPLOYMENT_TARGET = 26.0;
				LOCALIZATION_PREFERS_STRING_CATALOGS = YES;
				MTL_ENABLE_DEBUG_INFO = NO;
				MTL_FAST_MATH = YES;
				SDKROOT = iphoneos;
				SWIFT_COMPILATION_MODE = wholemodule;
				VALIDATE_PRODUCT = YES;
			};
			name = Release;
		};
/* End XCBuildConfiguration section */

/* Begin XCConfigurationList section */
		3BEAFED22EE1DBEA0019E77E /* Build configuration list for PBXProject "ViewPagerDemo" */ = {
			isa = XCConfigurationList;
			buildConfigurations = (
				3BEAFEED2EE1DBEB0019E77E /* Debug */,
				3BEAFEEE2EE1DBEB0019E77E /* Release */,
			);
			defaultConfigurationIsVisible = 0;
			defaultConfigurationName = Release;
		};
		3BEAFEEA2EE1DBEB0019E77E /* Build configuration list for PBXNativeTarget "ViewPagerDemo" */ = {
			isa = XCConfigurationList;
			buildConfigurations = (
				3BEAFEEB2EE1DBEB0019E77E /* Debug */,
				3BEAFEEC2EE1DBEB0019E77E /* Release */,
			);
			defaultConfigurationIsVisible = 0;
			defaultConfigurationName = Release;
		};
/* End XCConfigurationList section */

/* Begin XCLocalSwiftPackageReference section */
		3BEAFEEF2EE1DC4B0019E77E /* XCLocalSwiftPackageReference "../../Documents/iOS4app/LookinServer" */ = {
			isa = XCLocalSwiftPackageReference;
			relativePath = ../../Documents/iOS4app/LookinServer;
		};
		3BEAFEF22EE1DC5C0019E77E /* XCLocalSwiftPackageReference "../../Documents/iOS4app/SnapKit" */ = {
			isa = XCLocalSwiftPackageReference;
			relativePath = ../../Documents/iOS4app/SnapKit;
		};
/* End XCLocalSwiftPackageReference section */

/* Begin XCRemoteSwiftPackageReference section */
		3B7394792EE33AFB00DF2DCF /* XCRemoteSwiftPackageReference "PromiseKit" */ = {
			isa = XCRemoteSwiftPackageReference;
			repositoryURL = "https://github.com/mxcl/PromiseKit";
			requirement = {
				kind = upToNextMajorVersion;
				minimumVersion = 8.2.0;
			};
		};
/* End XCRemoteSwiftPackageReference section */

/* Begin XCSwiftPackageProductDependency section */
		3B73947A2EE33AFB00DF2DCF /* PromiseKit */ = {
			isa = XCSwiftPackageProductDependency;
			package = 3B7394792EE33AFB00DF2DCF /* XCRemoteSwiftPackageReference "PromiseKit" */;
			productName = PromiseKit;
		};
		3BEAFEF02EE1DC4C0019E77E /* LookinServer */ = {
			isa = XCSwiftPackageProductDependency;
			productName = LookinServer;
		};
		3BEAFEF32EE1DC5C0019E77E /* SnapKit */ = {
			isa = XCSwiftPackageProductDependency;
			productName = SnapKit;
		};
/* End XCSwiftPackageProductDependency section */
	};
	rootObject = 3BEAFECF2EE1DBEA0019E77E /* Project object */;
}
